
Microsoft Visual Studio Solution File, Format Version 12.00
# Visual Studio 14
VisualStudioVersion = 14.0.23107.0
MinimumVisualStudioVersion = 10.0.40219.1
Project("{E24C65DC-7377-472B-9ABA-BC803B73C61A}") = "Server", "Server\", "{2632468E-0332-4119-87D3-0CF2EE420540}"
	ProjectSection(WebsiteProperties) = preProject
		TargetFrameworkMoniker = ".NETFramework,Version%3Dv2.0"
		Debug.AspNetCompiler.VirtualPath = "/localhost_32047"
		Debug.AspNetCompiler.PhysicalPath = "Server\"
		Debug.AspNetCompiler.TargetPath = "PrecompiledWeb\localhost_32047\"
		Debug.AspNetCompiler.Updateable = "true"
		Debug.AspNetCompiler.ForceOverwrite = "true"
		Debug.AspNetCompiler.FixedNames = "false"
		Debug.AspNetCompiler.Debug = "True"
		Release.AspNetCompiler.VirtualPath = "/localhost_32047"
		Release.AspNetCompiler.PhysicalPath = "Server\"
		Release.AspNetCompiler.TargetPath = "PrecompiledWeb\localhost_32047\"
		Release.AspNetCompiler.Updateable = "true"
		Release.AspNetCompiler.ForceOverwrite = "true"
		Release.AspNetCompiler.FixedNames = "false"
		Release.AspNetCompiler.Debug = "False"
		VWDPort = "32047"
		SlnRelativePath = "Server\"
	EndProjectSection
EndProject
Project("{E24C65DC-7377-472B-9ABA-BC803B73C61A}") = "Plugins", "Plugins\", "{B24FFA7F-1251-435F-ACEF-9F21252A171B}"
	ProjectSection(WebsiteProperties) = preProject
		TargetFrameworkMoniker = ".NETFramework,Version%3Dv4.5"
		Debug.AspNetCompiler.VirtualPath = "/localhost_32049"
		Debug.AspNetCompiler.PhysicalPath = "Plugins\"
		Debug.AspNetCompiler.TargetPath = "PrecompiledWeb\localhost_32049\"
		Debug.AspNetCompiler.Updateable = "true"
		Debug.AspNetCompiler.ForceOverwrite = "true"
		Debug.AspNetCompiler.FixedNames = "false"
		Debug.AspNetCompiler.Debug = "True"
		Release.AspNetCompiler.VirtualPath = "/localhost_32049"
		Release.AspNetCompiler.PhysicalPath = "Plugins\"
		Release.AspNetCompiler.TargetPath = "PrecompiledWeb\localhost_32049\"
		Release.AspNetCompiler.Updateable = "true"
		Release.AspNetCompiler.ForceOverwrite = "true"
		Release.AspNetCompiler.FixedNames = "false"
		Release.AspNetCompiler.Debug = "False"
		VWDPort = "32049"
		SlnRelativePath = "Plugins\"
	EndProjectSection
EndProject
Global
	GlobalSection(SolutionConfigurationPlatforms) = preSolution
		Debug|Any CPU = Debug|Any CPU
	EndGlobalSection
	GlobalSection(ProjectConfigurationPlatforms) = postSolution
		{2632468E-0332-4119-87D3-0CF2EE420540}.Debug|Any CPU.ActiveCfg = Debug|Any CPU
		{2632468E-0332-4119-87D3-0CF2EE420540}.Debug|Any CPU.Build.0 = Debug|Any CPU
		{B24FFA7F-1251-435F-ACEF-9F21252A171B}.Debug|Any CPU.ActiveCfg = Debug|Any CPU
		{B24FFA7F-1251-435F-ACEF-9F21252A171B}.Debug|Any CPU.Build.0 = Debug|Any CPU
	EndGlobalSection
	GlobalSection(SolutionProperties) = preSolution
		HideSolutionNode = FALSE
	EndGlobalSection
EndGlobal
