
Microsoft Visual Studio Solution File, Format Version 12.00
# Visual Studio 14
VisualStudioVersion = 14.0.22609.0
MinimumVisualStudioVersion = 10.0.40219.1
Project("{FAE04EC0-301F-11D3-BF4B-00C04F79EFBC}") = "Plugins", "Plugins\Plugins.csproj", "{54E4B466-DFD4-4853-8BF5-939E9AFFED9C}"
EndProject
Project("{2150E333-8FDC-42A3-9474-1A3956D46DE8}") = "Docs", "Docs", "{200CA1D1-B855-499E-A24B-65C594058A39}"
	ProjectSection(SolutionItems) = preProject
		readme.txt = readme.txt
	EndProjectSection
EndProject
Project("{9092AA53-FB77-4645-B42D-1CCCA6BD08BD}") = "Server", "Server\Server.njsproj", "{FF85083B-DF28-448B-8280-60CA2E5507DC}"
	ProjectSection(ProjectDependencies) = postProject
		{54E4B466-DFD4-4853-8BF5-939E9AFFED9C} = {54E4B466-DFD4-4853-8BF5-939E9AFFED9C}
	EndProjectSection
EndProject
Global
	GlobalSection(SolutionConfigurationPlatforms) = preSolution
		Debug|Any CPU = Debug|Any CPU
		Release|Any CPU = Release|Any CPU
	EndGlobalSection
	GlobalSection(ProjectConfigurationPlatforms) = postSolution
		{54E4B466-DFD4-4853-8BF5-939E9AFFED9C}.Debug|Any CPU.ActiveCfg = Debug|Any CPU
		{54E4B466-DFD4-4853-8BF5-939E9AFFED9C}.Debug|Any CPU.Build.0 = Debug|Any CPU
		{54E4B466-DFD4-4853-8BF5-939E9AFFED9C}.Release|Any CPU.ActiveCfg = Release|Any CPU
		{54E4B466-DFD4-4853-8BF5-939E9AFFED9C}.Release|Any CPU.Build.0 = Release|Any CPU
		{FF85083B-DF28-448B-8280-60CA2E5507DC}.Debug|Any CPU.ActiveCfg = Debug|Any CPU
		{FF85083B-DF28-448B-8280-60CA2E5507DC}.Debug|Any CPU.Build.0 = Debug|Any CPU
		{FF85083B-DF28-448B-8280-60CA2E5507DC}.Release|Any CPU.ActiveCfg = Release|Any CPU
		{FF85083B-DF28-448B-8280-60CA2E5507DC}.Release|Any CPU.Build.0 = Release|Any CPU
	EndGlobalSection
	GlobalSection(SolutionProperties) = preSolution
		HideSolutionNode = FALSE
	EndGlobalSection
	GlobalSection(TeamFoundationVersionControl) = preSolution
		SccNumberOfProjects = 3
		SccEnterpriseProvider = {4CA58AB2-18FA-4F8D-95D4-32DDF27D184C}
		SccTeamFoundationServer = https://deltakosh.visualstudio.com/defaultcollection
		SccLocalPath0 = .
		SccProjectUniqueName1 = Plugins\\Plugins.csproj
		SccProjectName1 = Plugins
		SccLocalPath1 = Plugins
		SccProjectUniqueName2 = Server\\Server.njsproj
		SccProjectName2 = Server
		SccLocalPath2 = Server
	EndGlobalSection
EndGlobal
